
Microsoft Visual Studio Solution File, Format Version 11.00
# Visual Studio 2010
Project("{FAE04EC0-301F-11D3-BF4B-00C04F79EFBC}") = "Frustum", "Assembly-CSharp-firstpass.csproj", "{18B05C81-3200-C1D7-E230-9F0E98A529A6}"
EndProject
Project("{FAE04EC0-301F-11D3-BF4B-00C04F79EFBC}") = "Frustum", "Assembly-CSharp.csproj", "{7D4A6BAA-6DD4-2F87-A386-B36A551F0DB3}"
EndProject
Project("{FAE04EC0-301F-11D3-BF4B-00C04F79EFBC}") = "Frustum", "Assembly-CSharp-Editor-firstpass.csproj", "{320E3DC7-E723-0ED6-6C6D-E87762448306}"
EndProject
Global
	GlobalSection(SolutionConfigurationPlatforms) = preSolution
		Debug|Any CPU = Debug|Any CPU
		Release|Any CPU = Release|Any CPU
	EndGlobalSection
	GlobalSection(ProjectConfigurationPlatforms) = postSolution
		{18B05C81-3200-C1D7-E230-9F0E98A529A6}.Debug|Any CPU.ActiveCfg = Debug|Any CPU
		{18B05C81-3200-C1D7-E230-9F0E98A529A6}.Debug|Any CPU.Build.0 = Debug|Any CPU
		{18B05C81-3200-C1D7-E230-9F0E98A529A6}.Release|Any CPU.ActiveCfg = Release|Any CPU
		{18B05C81-3200-C1D7-E230-9F0E98A529A6}.Release|Any CPU.Build.0 = Release|Any CPU
		{7D4A6BAA-6DD4-2F87-A386-B36A551F0DB3}.Debug|Any CPU.ActiveCfg = Debug|Any CPU
		{7D4A6BAA-6DD4-2F87-A386-B36A551F0DB3}.Debug|Any CPU.Build.0 = Debug|Any CPU
		{7D4A6BAA-6DD4-2F87-A386-B36A551F0DB3}.Release|Any CPU.ActiveCfg = Release|Any CPU
		{7D4A6BAA-6DD4-2F87-A386-B36A551F0DB3}.Release|Any CPU.Build.0 = Release|Any CPU
		{320E3DC7-E723-0ED6-6C6D-E87762448306}.Debug|Any CPU.ActiveCfg = Debug|Any CPU
		{320E3DC7-E723-0ED6-6C6D-E87762448306}.Debug|Any CPU.Build.0 = Debug|Any CPU
		{320E3DC7-E723-0ED6-6C6D-E87762448306}.Release|Any CPU.ActiveCfg = Release|Any CPU
		{320E3DC7-E723-0ED6-6C6D-E87762448306}.Release|Any CPU.Build.0 = Release|Any CPU
	EndGlobalSection
	GlobalSection(SolutionProperties) = preSolution
		HideSolutionNode = FALSE
	EndGlobalSection
	GlobalSection(MonoDevelopProperties) = preSolution
		StartupItem = Assembly-CSharp.csproj
	EndGlobalSection
EndGlobal
